
Microsoft Visual Studio Solution File, Format Version 12.00
# Visual Studio Version 17
VisualStudioVersion = 17.4.33213.308
MinimumVisualStudioVersion = 10.0.40219.1
Project("{9A19103F-16F7-4668-BE54-9A1E7A4F7556}") = "1-Pointer", "1-Pointer\1-Pointer.csproj", "{31FAA698-8C86-4F81-9314-19F5583522B8}"
EndProject
Project("{9A19103F-16F7-4668-BE54-9A1E7A4F7556}") = "move all positive number to the right side", "move all positive number to the right side\move all positive number to the right side.csproj", "{F37A9214-F82D-4526-B759-8EEC7C7BF167}"
EndProject
Project("{9A19103F-16F7-4668-BE54-9A1E7A4F7556}") = "Rotate_Array_From_Rightside_With_K_Times", "Rotate_Array_From_Rightside_With_K_Times\Rotate_Array_From_Rightside_With_K_Times.csproj", "{240B87D0-845D-4D44-982E-811482F2217B}"
EndProject
Project("{9A19103F-16F7-4668-BE54-9A1E7A4F7556}") = "Devide To number Withourt division operator", "Devide To number Withourt division operator\Devide To number Withourt division operator.csproj", "{30FE823F-6F3A-4CB9-97A0-D9CB1DFF2772}"
EndProject
Project("{9A19103F-16F7-4668-BE54-9A1E7A4F7556}") = "Divided two number using binary search", "Divided two number using binary search\Divided two number using binary search.csproj", "{CA50274D-C4BB-4FFF-BB4A-B510AD22504B}"
EndProject
Project("{9A19103F-16F7-4668-BE54-9A1E7A4F7556}") = "Find Odd Occurance in an array", "Find Odd Occurance in an array\Find Odd Occurance in an array.csproj", "{A27E8349-0309-4E24-BE21-506246C5E6E0}"
EndProject
Project("{9A19103F-16F7-4668-BE54-9A1E7A4F7556}") = "Pivot element", "Pivot element\Pivot element.csproj", "{C59D65A4-FC67-4361-875C-CEEE5C8E9891}"
EndProject
Project("{9A19103F-16F7-4668-BE54-9A1E7A4F7556}") = "SearchElementInRotatedArray_optimize code", "SearchElementInRotatedArray_optimize code\SearchElementInRotatedArray_optimize code.csproj", "{4AAA9E83-4771-48ED-B539-B027FC36C1FF}"
EndProject
Project("{9A19103F-16F7-4668-BE54-9A1E7A4F7556}") = "Exceptio Handling", "Teat\Exceptio Handling.csproj", "{C9097C76-49C0-4773-8D82-7D97AEE1CF3D}"
EndProject
Project("{9A19103F-16F7-4668-BE54-9A1E7A4F7556}") = "SelectionSort", "SelectionSort\SelectionSort.csproj", "{E2CDC546-656E-4DE0-8FEC-F108A4B26724}"
EndProject
Project("{9A19103F-16F7-4668-BE54-9A1E7A4F7556}") = "BubbleShort", "BubbleShort\BubbleShort.csproj", "{602ABFC2-4BF0-4426-80AE-19958B39D203}"
EndProject
Global
	GlobalSection(SolutionConfigurationPlatforms) = preSolution
		Debug|Any CPU = Debug|Any CPU
		Release|Any CPU = Release|Any CPU
	EndGlobalSection
	GlobalSection(ProjectConfigurationPlatforms) = postSolution
		{31FAA698-8C86-4F81-9314-19F5583522B8}.Debug|Any CPU.ActiveCfg = Debug|Any CPU
		{31FAA698-8C86-4F81-9314-19F5583522B8}.Debug|Any CPU.Build.0 = Debug|Any CPU
		{31FAA698-8C86-4F81-9314-19F5583522B8}.Release|Any CPU.ActiveCfg = Release|Any CPU
		{31FAA698-8C86-4F81-9314-19F5583522B8}.Release|Any CPU.Build.0 = Release|Any CPU
		{F37A9214-F82D-4526-B759-8EEC7C7BF167}.Debug|Any CPU.ActiveCfg = Debug|Any CPU
		{F37A9214-F82D-4526-B759-8EEC7C7BF167}.Debug|Any CPU.Build.0 = Debug|Any CPU
		{F37A9214-F82D-4526-B759-8EEC7C7BF167}.Release|Any CPU.ActiveCfg = Release|Any CPU
		{F37A9214-F82D-4526-B759-8EEC7C7BF167}.Release|Any CPU.Build.0 = Release|Any CPU
		{240B87D0-845D-4D44-982E-811482F2217B}.Debug|Any CPU.ActiveCfg = Debug|Any CPU
		{240B87D0-845D-4D44-982E-811482F2217B}.Debug|Any CPU.Build.0 = Debug|Any CPU
		{240B87D0-845D-4D44-982E-811482F2217B}.Release|Any CPU.ActiveCfg = Release|Any CPU
		{240B87D0-845D-4D44-982E-811482F2217B}.Release|Any CPU.Build.0 = Release|Any CPU
		{30FE823F-6F3A-4CB9-97A0-D9CB1DFF2772}.Debug|Any CPU.ActiveCfg = Debug|Any CPU
		{30FE823F-6F3A-4CB9-97A0-D9CB1DFF2772}.Debug|Any CPU.Build.0 = Debug|Any CPU
		{30FE823F-6F3A-4CB9-97A0-D9CB1DFF2772}.Release|Any CPU.ActiveCfg = Release|Any CPU
		{30FE823F-6F3A-4CB9-97A0-D9CB1DFF2772}.Release|Any CPU.Build.0 = Release|Any CPU
		{CA50274D-C4BB-4FFF-BB4A-B510AD22504B}.Debug|Any CPU.ActiveCfg = Debug|Any CPU
		{CA50274D-C4BB-4FFF-BB4A-B510AD22504B}.Debug|Any CPU.Build.0 = Debug|Any CPU
		{CA50274D-C4BB-4FFF-BB4A-B510AD22504B}.Release|Any CPU.ActiveCfg = Release|Any CPU
		{CA50274D-C4BB-4FFF-BB4A-B510AD22504B}.Release|Any CPU.Build.0 = Release|Any CPU
		{A27E8349-0309-4E24-BE21-506246C5E6E0}.Debug|Any CPU.ActiveCfg = Debug|Any CPU
		{A27E8349-0309-4E24-BE21-506246C5E6E0}.Debug|Any CPU.Build.0 = Debug|Any CPU
		{A27E8349-0309-4E24-BE21-506246C5E6E0}.Release|Any CPU.ActiveCfg = Release|Any CPU
		{A27E8349-0309-4E24-BE21-506246C5E6E0}.Release|Any CPU.Build.0 = Release|Any CPU
		{C59D65A4-FC67-4361-875C-CEEE5C8E9891}.Debug|Any CPU.ActiveCfg = Debug|Any CPU
		{C59D65A4-FC67-4361-875C-CEEE5C8E9891}.Debug|Any CPU.Build.0 = Debug|Any CPU
		{C59D65A4-FC67-4361-875C-CEEE5C8E9891}.Release|Any CPU.ActiveCfg = Release|Any CPU
		{C59D65A4-FC67-4361-875C-CEEE5C8E9891}.Release|Any CPU.Build.0 = Release|Any CPU
		{4AAA9E83-4771-48ED-B539-B027FC36C1FF}.Debug|Any CPU.ActiveCfg = Debug|Any CPU
		{4AAA9E83-4771-48ED-B539-B027FC36C1FF}.Debug|Any CPU.Build.0 = Debug|Any CPU
		{4AAA9E83-4771-48ED-B539-B027FC36C1FF}.Release|Any CPU.ActiveCfg = Release|Any CPU
		{4AAA9E83-4771-48ED-B539-B027FC36C1FF}.Release|Any CPU.Build.0 = Release|Any CPU
		{C9097C76-49C0-4773-8D82-7D97AEE1CF3D}.Debug|Any CPU.ActiveCfg = Debug|Any CPU
		{C9097C76-49C0-4773-8D82-7D97AEE1CF3D}.Debug|Any CPU.Build.0 = Debug|Any CPU
		{C9097C76-49C0-4773-8D82-7D97AEE1CF3D}.Release|Any CPU.ActiveCfg = Release|Any CPU
		{C9097C76-49C0-4773-8D82-7D97AEE1CF3D}.Release|Any CPU.Build.0 = Release|Any CPU
		{E2CDC546-656E-4DE0-8FEC-F108A4B26724}.Debug|Any CPU.ActiveCfg = Debug|Any CPU
		{E2CDC546-656E-4DE0-8FEC-F108A4B26724}.Debug|Any CPU.Build.0 = Debug|Any CPU
		{E2CDC546-656E-4DE0-8FEC-F108A4B26724}.Release|Any CPU.ActiveCfg = Release|Any CPU
		{E2CDC546-656E-4DE0-8FEC-F108A4B26724}.Release|Any CPU.Build.0 = Release|Any CPU
		{602ABFC2-4BF0-4426-80AE-19958B39D203}.Debug|Any CPU.ActiveCfg = Debug|Any CPU
		{602ABFC2-4BF0-4426-80AE-19958B39D203}.Debug|Any CPU.Build.0 = Debug|Any CPU
		{602ABFC2-4BF0-4426-80AE-19958B39D203}.Release|Any CPU.ActiveCfg = Release|Any CPU
		{602ABFC2-4BF0-4426-80AE-19958B39D203}.Release|Any CPU.Build.0 = Release|Any CPU
	EndGlobalSection
	GlobalSection(SolutionProperties) = preSolution
		HideSolutionNode = FALSE
	EndGlobalSection
	GlobalSection(ExtensibilityGlobals) = postSolution
		SolutionGuid = {B971776D-4D86-4DC2-A12C-AD0CE7B77627}
	EndGlobalSection
EndGlobal
