
Microsoft Visual Studio Solution File, Format Version 12.00
# Visual Studio Version 17
VisualStudioVersion = 17.4.33213.308
MinimumVisualStudioVersion = 10.0.40219.1
Project("{9A19103F-16F7-4668-BE54-9A1E7A4F7556}") = "1-Pointer", "1-Pointer\1-Pointer.csproj", "{31FAA698-8C86-4F81-9314-19F5583522B8}"
EndProject
Project("{9A19103F-16F7-4668-BE54-9A1E7A4F7556}") = "move all positive number to the right side", "move all positive number to the right side\move all positive number to the right side.csproj", "{F37A9214-F82D-4526-B759-8EEC7C7BF167}"
EndProject
Project("{9A19103F-16F7-4668-BE54-9A1E7A4F7556}") = "Rotate_Array_From_Rightside_With_K_Times", "Rotate_Array_From_Rightside_With_K_Times\Rotate_Array_From_Rightside_With_K_Times.csproj", "{240B87D0-845D-4D44-982E-811482F2217B}"
EndProject
Project("{9A19103F-16F7-4668-BE54-9A1E7A4F7556}") = "Devide To number Withourt division operator", "Devide To number Withourt division operator\Devide To number Withourt division operator.csproj", "{30FE823F-6F3A-4CB9-97A0-D9CB1DFF2772}"
EndProject
Project("{9A19103F-16F7-4668-BE54-9A1E7A4F7556}") = "Divided two number using binary search", "Divided two number using binary search\Divided two number using binary search.csproj", "{CA50274D-C4BB-4FFF-BB4A-B510AD22504B}"
EndProject
Project("{9A19103F-16F7-4668-BE54-9A1E7A4F7556}") = "Find Odd Occurance in an array", "Find Odd Occurance in an array\Find Odd Occurance in an array.csproj", "{A27E8349-0309-4E24-BE21-506246C5E6E0}"
EndProject
Project("{9A19103F-16F7-4668-BE54-9A1E7A4F7556}") = "Pivot element", "Pivot element\Pivot element.csproj", "{C59D65A4-FC67-4361-875C-CEEE5C8E9891}"
EndProject
Project("{9A19103F-16F7-4668-BE54-9A1E7A4F7556}") = "SearchElementInRotatedArray_optimize code", "SearchElementInRotatedArray_optimize code\SearchElementInRotatedArray_optimize code.csproj", "{4AAA9E83-4771-48ED-B539-B027FC36C1FF}"
EndProject
Project("{9A19103F-16F7-4668-BE54-9A1E7A4F7556}") = "Exceptio Handling", "Teat\Exceptio Handling.csproj", "{C9097C76-49C0-4773-8D82-7D97AEE1CF3D}"
EndProject
Project("{9A19103F-16F7-4668-BE54-9A1E7A4F7556}") = "SelectionSort", "SelectionSort\SelectionSort.csproj", "{E2CDC546-656E-4DE0-8FEC-F108A4B26724}"
EndProject
Project("{9A19103F-16F7-4668-BE54-9A1E7A4F7556}") = "BubbleShort", "BubbleShort\BubbleShort.csproj", "{602ABFC2-4BF0-4426-80AE-19958B39D203}"
EndProject
Project("{9A19103F-16F7-4668-BE54-9A1E7A4F7556}") = "InsertionSort-FCSC", "InsertionSort-FCSC\InsertionSort-FCSC.csproj", "{C9AD2B94-0F51-4E2D-9A0D-99EC2545DBD8}"
EndProject
Project("{2150E333-8FDC-42A3-9474-1A3956D46DE8}") = "Sorting", "Sorting", "{8C431180-8D25-4D19-B619-238C19FA4B76}"
EndProject
Project("{9A19103F-16F7-4668-BE54-9A1E7A4F7556}") = "532. K-diff Pairs in an Array", "532. K-diff Pairs in an Array\532. K-diff Pairs in an Array.csproj", "{A801DCAB-11F5-4F66-8456-E6B42CD0A1D1}"
EndProject
Project("{9A19103F-16F7-4668-BE54-9A1E7A4F7556}") = "1047. Remove All Adjacent Duplicates In String", "1047. Remove All Adjacent Duplicates In String\1047. Remove All Adjacent Duplicates In String.csproj", "{B38F2D46-C6F5-4BFE-947B-088EA4BECAD4}"
EndProject
Project("{9A19103F-16F7-4668-BE54-9A1E7A4F7556}") = "658. Find K Closest Elements", "658. Find K Closest Elements\658. Find K Closest Elements.csproj", "{503932BF-AC5A-4964-9517-F14F69A20BF3}"
EndProject
Project("{9A19103F-16F7-4668-BE54-9A1E7A4F7556}") = "1910. Remove All Occurrences of a Substring", "1910. Remove All Occurrences of a Substring\1910. Remove All Occurrences of a Substring.csproj", "{122961E1-FD51-4232-B597-92986ED0A5A5}"
EndProject
Project("{9A19103F-16F7-4668-BE54-9A1E7A4F7556}") = "Implement String charater Remove Method", "Implement String charater Remove Method\Implement String charater Remove Method.csproj", "{A36BAA68-B5EC-4A2A-885D-3CFD8776C773}"
EndProject
Project("{9A19103F-16F7-4668-BE54-9A1E7A4F7556}") = "680. Valid Palindrome II", "680. Valid Palindrome II\680. Valid Palindrome II.csproj", "{7E23D077-65C1-42B4-9612-2CA38C18B032}"
EndProject
Project("{9A19103F-16F7-4668-BE54-9A1E7A4F7556}") = "539. Minimum Time Difference", "539. Minimum Time Difference\539. Minimum Time Difference.csproj", "{2E2D65AD-7863-4E3F-8D48-F3C5A252A8C0}"
EndProject
Project("{9A19103F-16F7-4668-BE54-9A1E7A4F7556}") = "647. Palindromic Substrings", "647. Palindromic Substrings\647. Palindromic Substrings.csproj", "{FC9E6527-F4FA-4304-93F0-13F8E9781F2D}"
EndProject
Project("{9A19103F-16F7-4668-BE54-9A1E7A4F7556}") = "242. Valid Anagram", "242. Valid Anagram\242. Valid Anagram.csproj", "{187BBD27-D6DA-446D-A13C-60643C41D1DD}"
EndProject
Project("{9A19103F-16F7-4668-BE54-9A1E7A4F7556}") = "917. Reverse Only Letters", "917. Reverse Only Letters\917. Reverse Only Letters.csproj", "{BE9C5C7B-3A24-478D-A958-5C860C2C943B}"
EndProject
Project("{9A19103F-16F7-4668-BE54-9A1E7A4F7556}") = "14. Longest Common Prefix", "14. Longest Common Prefix\14. Longest Common Prefix.csproj", "{9F646156-E2CA-4DB1-8AA5-B5C88D5649BC}"
EndProject
Project("{9A19103F-16F7-4668-BE54-9A1E7A4F7556}") = "345. Reverse Vowels of a String", "345. Reverse Vowels of a String\345. Reverse Vowels of a String.csproj", "{C8EFCF60-29AB-4EB3-91B3-95398628A1F6}"
EndProject
Project("{9A19103F-16F7-4668-BE54-9A1E7A4F7556}") = "Pointer", "Pointer\Pointer.csproj", "{59B126C8-48FB-4093-959A-D2D4222FFA92}"
EndProject
Project("{9A19103F-16F7-4668-BE54-9A1E7A4F7556}") = "205. Isomorphic Strings", "205. Isomorphic Strings\205. Isomorphic Strings.csproj", "{0BCBE541-4BCD-49BB-AB40-EC06F8881896}"
EndProject
Project("{9A19103F-16F7-4668-BE54-9A1E7A4F7556}") = "767. Reorganize String", "767. Reorganize String\767. Reorganize String.csproj", "{90E749F6-FA0A-4F3A-A152-E8B3F6EB7782}"
EndProject
Project("{9A19103F-16F7-4668-BE54-9A1E7A4F7556}") = "767. Reorganize String_Two", "767. Reorganize String_Two\767. Reorganize String_Two.csproj", "{A683054E-4372-450D-B1C2-B3F75703C97D}"
EndProject
Project("{2150E333-8FDC-42A3-9474-1A3956D46DE8}") = "Recursion", "Recursion", "{1304FA68-747F-4486-81B4-317B562C252C}"
EndProject
Project("{9A19103F-16F7-4668-BE54-9A1E7A4F7556}") = "Recursion", "Recursion\Recursion.csproj", "{15E15A74-5D16-4EA6-85D7-355EB3AF19D4}"
EndProject
Project("{9A19103F-16F7-4668-BE54-9A1E7A4F7556}") = "Factorial", "Factorial\Factorial.csproj", "{77483F0D-E86F-4CD7-A650-17C7B52DA2FD}"
EndProject
Project("{9A19103F-16F7-4668-BE54-9A1E7A4F7556}") = "FibboNacciSeries", "FibboNacciSeries\FibboNacciSeries.csproj", "{CDC23EBE-CD17-4A35-8FEE-BD8440A1EAA9}"
EndProject
Project("{9A19103F-16F7-4668-BE54-9A1E7A4F7556}") = "PowerOfTwo", "PowerOfTwo\PowerOfTwo.csproj", "{D569FC7B-BD19-4BA3-883C-0BDF2C4F615C}"
EndProject
Project("{9A19103F-16F7-4668-BE54-9A1E7A4F7556}") = "FindMaximuminAnArrayintoRecursion", "FindMaximuminAnArrayintoRecursion\FindMaximuminAnArrayintoRecursion.csproj", "{57F9901A-2D80-4C3E-96BF-3A3D6B508A0E}"
EndProject
Project("{9A19103F-16F7-4668-BE54-9A1E7A4F7556}") = "ArraySortedOrNotUsingRecursion", "ArraySortedOrNotUsingRecursion\ArraySortedOrNotUsingRecursion.csproj", "{343DAB1F-BA45-4843-A5A2-7E64FC0110B2}"
EndProject
Project("{9A19103F-16F7-4668-BE54-9A1E7A4F7556}") = "bainarySearchusingRecusion", "bainarySearchusingRecusion\bainarySearchusingRecusion.csproj", "{FB197A8C-129C-4F8C-8AA7-1015BE3E4B40}"
EndProject
Project("{9A19103F-16F7-4668-BE54-9A1E7A4F7556}") = "SubSequenceOfString", "SubSequenceOfString\SubSequenceOfString.csproj", "{FD736E7D-3C79-4EA8-87A7-7177843099FD}"
EndProject
Project("{9A19103F-16F7-4668-BE54-9A1E7A4F7556}") = "FindMinimumRequiredElementToGetSum", "FindMinimumRequiredElementToGetSum\FindMinimumRequiredElementToGetSum.csproj", "{B876A92C-1780-43D3-88F3-C47DBA4B3A2C}"
EndProject
Project("{9A19103F-16F7-4668-BE54-9A1E7A4F7556}") = "Include-Exclude", "Include-Exclude\Include-Exclude.csproj", "{2C1689D2-9549-4BBC-AC1F-B19D0E59208D}"
EndProject
Project("{9A19103F-16F7-4668-BE54-9A1E7A4F7556}") = "MergeSortAlgorithm1", "MergeSortAlgorithm1\MergeSortAlgorithm1.csproj", "{C6B5B52B-F49F-4E44-9B4B-91F5E67475F1}"
EndProject
Project("{9A19103F-16F7-4668-BE54-9A1E7A4F7556}") = "QuickSort", "QuickSort\QuickSort.csproj", "{47B1824E-8F3B-49CC-8833-960ADF05A6A9}"
EndProject
Project("{9A19103F-16F7-4668-BE54-9A1E7A4F7556}") = "String Permutation", "String Permutation\String Permutation.csproj", "{23572954-4ED1-46EE-80E0-0EB37A09AFDD}"
EndProject
Project("{FAE04EC0-301F-11D3-BF4B-00C04F79EFBC}") = "BackTracking", "BackTracking\BackTracking.csproj", "{69B10149-0CB4-4C24-B5C7-EA7EEE5A75B6}"
EndProject
Global
	GlobalSection(SolutionConfigurationPlatforms) = preSolution
		Debug|Any CPU = Debug|Any CPU
		Release|Any CPU = Release|Any CPU
	EndGlobalSection
	GlobalSection(ProjectConfigurationPlatforms) = postSolution
		{31FAA698-8C86-4F81-9314-19F5583522B8}.Debug|Any CPU.ActiveCfg = Debug|Any CPU
		{31FAA698-8C86-4F81-9314-19F5583522B8}.Debug|Any CPU.Build.0 = Debug|Any CPU
		{31FAA698-8C86-4F81-9314-19F5583522B8}.Release|Any CPU.ActiveCfg = Release|Any CPU
		{31FAA698-8C86-4F81-9314-19F5583522B8}.Release|Any CPU.Build.0 = Release|Any CPU
		{F37A9214-F82D-4526-B759-8EEC7C7BF167}.Debug|Any CPU.ActiveCfg = Debug|Any CPU
		{F37A9214-F82D-4526-B759-8EEC7C7BF167}.Debug|Any CPU.Build.0 = Debug|Any CPU
		{F37A9214-F82D-4526-B759-8EEC7C7BF167}.Release|Any CPU.ActiveCfg = Release|Any CPU
		{F37A9214-F82D-4526-B759-8EEC7C7BF167}.Release|Any CPU.Build.0 = Release|Any CPU
		{240B87D0-845D-4D44-982E-811482F2217B}.Debug|Any CPU.ActiveCfg = Debug|Any CPU
		{240B87D0-845D-4D44-982E-811482F2217B}.Debug|Any CPU.Build.0 = Debug|Any CPU
		{240B87D0-845D-4D44-982E-811482F2217B}.Release|Any CPU.ActiveCfg = Release|Any CPU
		{240B87D0-845D-4D44-982E-811482F2217B}.Release|Any CPU.Build.0 = Release|Any CPU
		{30FE823F-6F3A-4CB9-97A0-D9CB1DFF2772}.Debug|Any CPU.ActiveCfg = Debug|Any CPU
		{30FE823F-6F3A-4CB9-97A0-D9CB1DFF2772}.Debug|Any CPU.Build.0 = Debug|Any CPU
		{30FE823F-6F3A-4CB9-97A0-D9CB1DFF2772}.Release|Any CPU.ActiveCfg = Release|Any CPU
		{30FE823F-6F3A-4CB9-97A0-D9CB1DFF2772}.Release|Any CPU.Build.0 = Release|Any CPU
		{CA50274D-C4BB-4FFF-BB4A-B510AD22504B}.Debug|Any CPU.ActiveCfg = Debug|Any CPU
		{CA50274D-C4BB-4FFF-BB4A-B510AD22504B}.Debug|Any CPU.Build.0 = Debug|Any CPU
		{CA50274D-C4BB-4FFF-BB4A-B510AD22504B}.Release|Any CPU.ActiveCfg = Release|Any CPU
		{CA50274D-C4BB-4FFF-BB4A-B510AD22504B}.Release|Any CPU.Build.0 = Release|Any CPU
		{A27E8349-0309-4E24-BE21-506246C5E6E0}.Debug|Any CPU.ActiveCfg = Debug|Any CPU
		{A27E8349-0309-4E24-BE21-506246C5E6E0}.Debug|Any CPU.Build.0 = Debug|Any CPU
		{A27E8349-0309-4E24-BE21-506246C5E6E0}.Release|Any CPU.ActiveCfg = Release|Any CPU
		{A27E8349-0309-4E24-BE21-506246C5E6E0}.Release|Any CPU.Build.0 = Release|Any CPU
		{C59D65A4-FC67-4361-875C-CEEE5C8E9891}.Debug|Any CPU.ActiveCfg = Debug|Any CPU
		{C59D65A4-FC67-4361-875C-CEEE5C8E9891}.Debug|Any CPU.Build.0 = Debug|Any CPU
		{C59D65A4-FC67-4361-875C-CEEE5C8E9891}.Release|Any CPU.ActiveCfg = Release|Any CPU
		{C59D65A4-FC67-4361-875C-CEEE5C8E9891}.Release|Any CPU.Build.0 = Release|Any CPU
		{4AAA9E83-4771-48ED-B539-B027FC36C1FF}.Debug|Any CPU.ActiveCfg = Debug|Any CPU
		{4AAA9E83-4771-48ED-B539-B027FC36C1FF}.Debug|Any CPU.Build.0 = Debug|Any CPU
		{4AAA9E83-4771-48ED-B539-B027FC36C1FF}.Release|Any CPU.ActiveCfg = Release|Any CPU
		{4AAA9E83-4771-48ED-B539-B027FC36C1FF}.Release|Any CPU.Build.0 = Release|Any CPU
		{C9097C76-49C0-4773-8D82-7D97AEE1CF3D}.Debug|Any CPU.ActiveCfg = Debug|Any CPU
		{C9097C76-49C0-4773-8D82-7D97AEE1CF3D}.Debug|Any CPU.Build.0 = Debug|Any CPU
		{C9097C76-49C0-4773-8D82-7D97AEE1CF3D}.Release|Any CPU.ActiveCfg = Release|Any CPU
		{C9097C76-49C0-4773-8D82-7D97AEE1CF3D}.Release|Any CPU.Build.0 = Release|Any CPU
		{E2CDC546-656E-4DE0-8FEC-F108A4B26724}.Debug|Any CPU.ActiveCfg = Debug|Any CPU
		{E2CDC546-656E-4DE0-8FEC-F108A4B26724}.Debug|Any CPU.Build.0 = Debug|Any CPU
		{E2CDC546-656E-4DE0-8FEC-F108A4B26724}.Release|Any CPU.ActiveCfg = Release|Any CPU
		{E2CDC546-656E-4DE0-8FEC-F108A4B26724}.Release|Any CPU.Build.0 = Release|Any CPU
		{602ABFC2-4BF0-4426-80AE-19958B39D203}.Debug|Any CPU.ActiveCfg = Debug|Any CPU
		{602ABFC2-4BF0-4426-80AE-19958B39D203}.Debug|Any CPU.Build.0 = Debug|Any CPU
		{602ABFC2-4BF0-4426-80AE-19958B39D203}.Release|Any CPU.ActiveCfg = Release|Any CPU
		{602ABFC2-4BF0-4426-80AE-19958B39D203}.Release|Any CPU.Build.0 = Release|Any CPU
		{C9AD2B94-0F51-4E2D-9A0D-99EC2545DBD8}.Debug|Any CPU.ActiveCfg = Debug|Any CPU
		{C9AD2B94-0F51-4E2D-9A0D-99EC2545DBD8}.Debug|Any CPU.Build.0 = Debug|Any CPU
		{C9AD2B94-0F51-4E2D-9A0D-99EC2545DBD8}.Release|Any CPU.ActiveCfg = Release|Any CPU
		{C9AD2B94-0F51-4E2D-9A0D-99EC2545DBD8}.Release|Any CPU.Build.0 = Release|Any CPU
		{A801DCAB-11F5-4F66-8456-E6B42CD0A1D1}.Debug|Any CPU.ActiveCfg = Debug|Any CPU
		{A801DCAB-11F5-4F66-8456-E6B42CD0A1D1}.Debug|Any CPU.Build.0 = Debug|Any CPU
		{A801DCAB-11F5-4F66-8456-E6B42CD0A1D1}.Release|Any CPU.ActiveCfg = Release|Any CPU
		{A801DCAB-11F5-4F66-8456-E6B42CD0A1D1}.Release|Any CPU.Build.0 = Release|Any CPU
		{B38F2D46-C6F5-4BFE-947B-088EA4BECAD4}.Debug|Any CPU.ActiveCfg = Debug|Any CPU
		{B38F2D46-C6F5-4BFE-947B-088EA4BECAD4}.Debug|Any CPU.Build.0 = Debug|Any CPU
		{B38F2D46-C6F5-4BFE-947B-088EA4BECAD4}.Release|Any CPU.ActiveCfg = Release|Any CPU
		{B38F2D46-C6F5-4BFE-947B-088EA4BECAD4}.Release|Any CPU.Build.0 = Release|Any CPU
		{503932BF-AC5A-4964-9517-F14F69A20BF3}.Debug|Any CPU.ActiveCfg = Debug|Any CPU
		{503932BF-AC5A-4964-9517-F14F69A20BF3}.Debug|Any CPU.Build.0 = Debug|Any CPU
		{503932BF-AC5A-4964-9517-F14F69A20BF3}.Release|Any CPU.ActiveCfg = Release|Any CPU
		{503932BF-AC5A-4964-9517-F14F69A20BF3}.Release|Any CPU.Build.0 = Release|Any CPU
		{122961E1-FD51-4232-B597-92986ED0A5A5}.Debug|Any CPU.ActiveCfg = Debug|Any CPU
		{122961E1-FD51-4232-B597-92986ED0A5A5}.Debug|Any CPU.Build.0 = Debug|Any CPU
		{122961E1-FD51-4232-B597-92986ED0A5A5}.Release|Any CPU.ActiveCfg = Release|Any CPU
		{122961E1-FD51-4232-B597-92986ED0A5A5}.Release|Any CPU.Build.0 = Release|Any CPU
		{A36BAA68-B5EC-4A2A-885D-3CFD8776C773}.Debug|Any CPU.ActiveCfg = Debug|Any CPU
		{A36BAA68-B5EC-4A2A-885D-3CFD8776C773}.Debug|Any CPU.Build.0 = Debug|Any CPU
		{A36BAA68-B5EC-4A2A-885D-3CFD8776C773}.Release|Any CPU.ActiveCfg = Release|Any CPU
		{A36BAA68-B5EC-4A2A-885D-3CFD8776C773}.Release|Any CPU.Build.0 = Release|Any CPU
		{7E23D077-65C1-42B4-9612-2CA38C18B032}.Debug|Any CPU.ActiveCfg = Debug|Any CPU
		{7E23D077-65C1-42B4-9612-2CA38C18B032}.Debug|Any CPU.Build.0 = Debug|Any CPU
		{7E23D077-65C1-42B4-9612-2CA38C18B032}.Release|Any CPU.ActiveCfg = Release|Any CPU
		{7E23D077-65C1-42B4-9612-2CA38C18B032}.Release|Any CPU.Build.0 = Release|Any CPU
		{2E2D65AD-7863-4E3F-8D48-F3C5A252A8C0}.Debug|Any CPU.ActiveCfg = Debug|Any CPU
		{2E2D65AD-7863-4E3F-8D48-F3C5A252A8C0}.Debug|Any CPU.Build.0 = Debug|Any CPU
		{2E2D65AD-7863-4E3F-8D48-F3C5A252A8C0}.Release|Any CPU.ActiveCfg = Release|Any CPU
		{2E2D65AD-7863-4E3F-8D48-F3C5A252A8C0}.Release|Any CPU.Build.0 = Release|Any CPU
		{FC9E6527-F4FA-4304-93F0-13F8E9781F2D}.Debug|Any CPU.ActiveCfg = Debug|Any CPU
		{FC9E6527-F4FA-4304-93F0-13F8E9781F2D}.Debug|Any CPU.Build.0 = Debug|Any CPU
		{FC9E6527-F4FA-4304-93F0-13F8E9781F2D}.Release|Any CPU.ActiveCfg = Release|Any CPU
		{FC9E6527-F4FA-4304-93F0-13F8E9781F2D}.Release|Any CPU.Build.0 = Release|Any CPU
		{187BBD27-D6DA-446D-A13C-60643C41D1DD}.Debug|Any CPU.ActiveCfg = Debug|Any CPU
		{187BBD27-D6DA-446D-A13C-60643C41D1DD}.Debug|Any CPU.Build.0 = Debug|Any CPU
		{187BBD27-D6DA-446D-A13C-60643C41D1DD}.Release|Any CPU.ActiveCfg = Release|Any CPU
		{187BBD27-D6DA-446D-A13C-60643C41D1DD}.Release|Any CPU.Build.0 = Release|Any CPU
		{BE9C5C7B-3A24-478D-A958-5C860C2C943B}.Debug|Any CPU.ActiveCfg = Debug|Any CPU
		{BE9C5C7B-3A24-478D-A958-5C860C2C943B}.Debug|Any CPU.Build.0 = Debug|Any CPU
		{BE9C5C7B-3A24-478D-A958-5C860C2C943B}.Release|Any CPU.ActiveCfg = Release|Any CPU
		{BE9C5C7B-3A24-478D-A958-5C860C2C943B}.Release|Any CPU.Build.0 = Release|Any CPU
		{9F646156-E2CA-4DB1-8AA5-B5C88D5649BC}.Debug|Any CPU.ActiveCfg = Debug|Any CPU
		{9F646156-E2CA-4DB1-8AA5-B5C88D5649BC}.Debug|Any CPU.Build.0 = Debug|Any CPU
		{9F646156-E2CA-4DB1-8AA5-B5C88D5649BC}.Release|Any CPU.ActiveCfg = Release|Any CPU
		{9F646156-E2CA-4DB1-8AA5-B5C88D5649BC}.Release|Any CPU.Build.0 = Release|Any CPU
		{C8EFCF60-29AB-4EB3-91B3-95398628A1F6}.Debug|Any CPU.ActiveCfg = Debug|Any CPU
		{C8EFCF60-29AB-4EB3-91B3-95398628A1F6}.Debug|Any CPU.Build.0 = Debug|Any CPU
		{C8EFCF60-29AB-4EB3-91B3-95398628A1F6}.Release|Any CPU.ActiveCfg = Release|Any CPU
		{C8EFCF60-29AB-4EB3-91B3-95398628A1F6}.Release|Any CPU.Build.0 = Release|Any CPU
		{59B126C8-48FB-4093-959A-D2D4222FFA92}.Debug|Any CPU.ActiveCfg = Debug|Any CPU
		{59B126C8-48FB-4093-959A-D2D4222FFA92}.Debug|Any CPU.Build.0 = Debug|Any CPU
		{59B126C8-48FB-4093-959A-D2D4222FFA92}.Release|Any CPU.ActiveCfg = Release|Any CPU
		{59B126C8-48FB-4093-959A-D2D4222FFA92}.Release|Any CPU.Build.0 = Release|Any CPU
		{0BCBE541-4BCD-49BB-AB40-EC06F8881896}.Debug|Any CPU.ActiveCfg = Debug|Any CPU
		{0BCBE541-4BCD-49BB-AB40-EC06F8881896}.Debug|Any CPU.Build.0 = Debug|Any CPU
		{0BCBE541-4BCD-49BB-AB40-EC06F8881896}.Release|Any CPU.ActiveCfg = Release|Any CPU
		{0BCBE541-4BCD-49BB-AB40-EC06F8881896}.Release|Any CPU.Build.0 = Release|Any CPU
		{90E749F6-FA0A-4F3A-A152-E8B3F6EB7782}.Debug|Any CPU.ActiveCfg = Debug|Any CPU
		{90E749F6-FA0A-4F3A-A152-E8B3F6EB7782}.Debug|Any CPU.Build.0 = Debug|Any CPU
		{90E749F6-FA0A-4F3A-A152-E8B3F6EB7782}.Release|Any CPU.ActiveCfg = Release|Any CPU
		{90E749F6-FA0A-4F3A-A152-E8B3F6EB7782}.Release|Any CPU.Build.0 = Release|Any CPU
		{A683054E-4372-450D-B1C2-B3F75703C97D}.Debug|Any CPU.ActiveCfg = Debug|Any CPU
		{A683054E-4372-450D-B1C2-B3F75703C97D}.Debug|Any CPU.Build.0 = Debug|Any CPU
		{A683054E-4372-450D-B1C2-B3F75703C97D}.Release|Any CPU.ActiveCfg = Release|Any CPU
		{A683054E-4372-450D-B1C2-B3F75703C97D}.Release|Any CPU.Build.0 = Release|Any CPU
		{15E15A74-5D16-4EA6-85D7-355EB3AF19D4}.Debug|Any CPU.ActiveCfg = Debug|Any CPU
		{15E15A74-5D16-4EA6-85D7-355EB3AF19D4}.Debug|Any CPU.Build.0 = Debug|Any CPU
		{15E15A74-5D16-4EA6-85D7-355EB3AF19D4}.Release|Any CPU.ActiveCfg = Release|Any CPU
		{15E15A74-5D16-4EA6-85D7-355EB3AF19D4}.Release|Any CPU.Build.0 = Release|Any CPU
		{77483F0D-E86F-4CD7-A650-17C7B52DA2FD}.Debug|Any CPU.ActiveCfg = Debug|Any CPU
		{77483F0D-E86F-4CD7-A650-17C7B52DA2FD}.Debug|Any CPU.Build.0 = Debug|Any CPU
		{77483F0D-E86F-4CD7-A650-17C7B52DA2FD}.Release|Any CPU.ActiveCfg = Release|Any CPU
		{77483F0D-E86F-4CD7-A650-17C7B52DA2FD}.Release|Any CPU.Build.0 = Release|Any CPU
		{CDC23EBE-CD17-4A35-8FEE-BD8440A1EAA9}.Debug|Any CPU.ActiveCfg = Debug|Any CPU
		{CDC23EBE-CD17-4A35-8FEE-BD8440A1EAA9}.Debug|Any CPU.Build.0 = Debug|Any CPU
		{CDC23EBE-CD17-4A35-8FEE-BD8440A1EAA9}.Release|Any CPU.ActiveCfg = Release|Any CPU
		{CDC23EBE-CD17-4A35-8FEE-BD8440A1EAA9}.Release|Any CPU.Build.0 = Release|Any CPU
		{D569FC7B-BD19-4BA3-883C-0BDF2C4F615C}.Debug|Any CPU.ActiveCfg = Debug|Any CPU
		{D569FC7B-BD19-4BA3-883C-0BDF2C4F615C}.Debug|Any CPU.Build.0 = Debug|Any CPU
		{D569FC7B-BD19-4BA3-883C-0BDF2C4F615C}.Release|Any CPU.ActiveCfg = Release|Any CPU
		{D569FC7B-BD19-4BA3-883C-0BDF2C4F615C}.Release|Any CPU.Build.0 = Release|Any CPU
		{57F9901A-2D80-4C3E-96BF-3A3D6B508A0E}.Debug|Any CPU.ActiveCfg = Debug|Any CPU
		{57F9901A-2D80-4C3E-96BF-3A3D6B508A0E}.Debug|Any CPU.Build.0 = Debug|Any CPU
		{57F9901A-2D80-4C3E-96BF-3A3D6B508A0E}.Release|Any CPU.ActiveCfg = Release|Any CPU
		{57F9901A-2D80-4C3E-96BF-3A3D6B508A0E}.Release|Any CPU.Build.0 = Release|Any CPU
		{343DAB1F-BA45-4843-A5A2-7E64FC0110B2}.Debug|Any CPU.ActiveCfg = Debug|Any CPU
		{343DAB1F-BA45-4843-A5A2-7E64FC0110B2}.Debug|Any CPU.Build.0 = Debug|Any CPU
		{343DAB1F-BA45-4843-A5A2-7E64FC0110B2}.Release|Any CPU.ActiveCfg = Release|Any CPU
		{343DAB1F-BA45-4843-A5A2-7E64FC0110B2}.Release|Any CPU.Build.0 = Release|Any CPU
		{FB197A8C-129C-4F8C-8AA7-1015BE3E4B40}.Debug|Any CPU.ActiveCfg = Debug|Any CPU
		{FB197A8C-129C-4F8C-8AA7-1015BE3E4B40}.Debug|Any CPU.Build.0 = Debug|Any CPU
		{FB197A8C-129C-4F8C-8AA7-1015BE3E4B40}.Release|Any CPU.ActiveCfg = Release|Any CPU
		{FB197A8C-129C-4F8C-8AA7-1015BE3E4B40}.Release|Any CPU.Build.0 = Release|Any CPU
		{FD736E7D-3C79-4EA8-87A7-7177843099FD}.Debug|Any CPU.ActiveCfg = Debug|Any CPU
		{FD736E7D-3C79-4EA8-87A7-7177843099FD}.Debug|Any CPU.Build.0 = Debug|Any CPU
		{FD736E7D-3C79-4EA8-87A7-7177843099FD}.Release|Any CPU.ActiveCfg = Release|Any CPU
		{FD736E7D-3C79-4EA8-87A7-7177843099FD}.Release|Any CPU.Build.0 = Release|Any CPU
		{B876A92C-1780-43D3-88F3-C47DBA4B3A2C}.Debug|Any CPU.ActiveCfg = Debug|Any CPU
		{B876A92C-1780-43D3-88F3-C47DBA4B3A2C}.Debug|Any CPU.Build.0 = Debug|Any CPU
		{B876A92C-1780-43D3-88F3-C47DBA4B3A2C}.Release|Any CPU.ActiveCfg = Release|Any CPU
		{B876A92C-1780-43D3-88F3-C47DBA4B3A2C}.Release|Any CPU.Build.0 = Release|Any CPU
		{2C1689D2-9549-4BBC-AC1F-B19D0E59208D}.Debug|Any CPU.ActiveCfg = Debug|Any CPU
		{2C1689D2-9549-4BBC-AC1F-B19D0E59208D}.Debug|Any CPU.Build.0 = Debug|Any CPU
		{2C1689D2-9549-4BBC-AC1F-B19D0E59208D}.Release|Any CPU.ActiveCfg = Release|Any CPU
		{2C1689D2-9549-4BBC-AC1F-B19D0E59208D}.Release|Any CPU.Build.0 = Release|Any CPU
		{C6B5B52B-F49F-4E44-9B4B-91F5E67475F1}.Debug|Any CPU.ActiveCfg = Debug|Any CPU
		{C6B5B52B-F49F-4E44-9B4B-91F5E67475F1}.Debug|Any CPU.Build.0 = Debug|Any CPU
		{C6B5B52B-F49F-4E44-9B4B-91F5E67475F1}.Release|Any CPU.ActiveCfg = Release|Any CPU
		{C6B5B52B-F49F-4E44-9B4B-91F5E67475F1}.Release|Any CPU.Build.0 = Release|Any CPU
		{47B1824E-8F3B-49CC-8833-960ADF05A6A9}.Debug|Any CPU.ActiveCfg = Debug|Any CPU
		{47B1824E-8F3B-49CC-8833-960ADF05A6A9}.Debug|Any CPU.Build.0 = Debug|Any CPU
		{47B1824E-8F3B-49CC-8833-960ADF05A6A9}.Release|Any CPU.ActiveCfg = Release|Any CPU
		{47B1824E-8F3B-49CC-8833-960ADF05A6A9}.Release|Any CPU.Build.0 = Release|Any CPU
		{23572954-4ED1-46EE-80E0-0EB37A09AFDD}.Debug|Any CPU.ActiveCfg = Debug|Any CPU
		{23572954-4ED1-46EE-80E0-0EB37A09AFDD}.Debug|Any CPU.Build.0 = Debug|Any CPU
		{23572954-4ED1-46EE-80E0-0EB37A09AFDD}.Release|Any CPU.ActiveCfg = Release|Any CPU
		{23572954-4ED1-46EE-80E0-0EB37A09AFDD}.Release|Any CPU.Build.0 = Release|Any CPU
		{69B10149-0CB4-4C24-B5C7-EA7EEE5A75B6}.Debug|Any CPU.ActiveCfg = Debug|Any CPU
		{69B10149-0CB4-4C24-B5C7-EA7EEE5A75B6}.Debug|Any CPU.Build.0 = Debug|Any CPU
		{69B10149-0CB4-4C24-B5C7-EA7EEE5A75B6}.Release|Any CPU.ActiveCfg = Release|Any CPU
		{69B10149-0CB4-4C24-B5C7-EA7EEE5A75B6}.Release|Any CPU.Build.0 = Release|Any CPU
	EndGlobalSection
	GlobalSection(SolutionProperties) = preSolution
		HideSolutionNode = FALSE
	EndGlobalSection
	GlobalSection(NestedProjects) = preSolution
		{E2CDC546-656E-4DE0-8FEC-F108A4B26724} = {8C431180-8D25-4D19-B619-238C19FA4B76}
		{602ABFC2-4BF0-4426-80AE-19958B39D203} = {8C431180-8D25-4D19-B619-238C19FA4B76}
		{C9AD2B94-0F51-4E2D-9A0D-99EC2545DBD8} = {8C431180-8D25-4D19-B619-238C19FA4B76}
		{15E15A74-5D16-4EA6-85D7-355EB3AF19D4} = {1304FA68-747F-4486-81B4-317B562C252C}
		{C6B5B52B-F49F-4E44-9B4B-91F5E67475F1} = {8C431180-8D25-4D19-B619-238C19FA4B76}
	EndGlobalSection
	GlobalSection(ExtensibilityGlobals) = postSolution
		SolutionGuid = {B971776D-4D86-4DC2-A12C-AD0CE7B77627}
	EndGlobalSection
EndGlobal
