
Microsoft Visual Studio Solution File, Format Version 12.00
# Visual Studio Version 17
VisualStudioVersion = 17.4.33213.308
MinimumVisualStudioVersion = 10.0.40219.1
Project("{9A19103F-16F7-4668-BE54-9A1E7A4F7556}") = "1-Pointer", "1-Pointer\1-Pointer.csproj", "{31FAA698-8C86-4F81-9314-19F5583522B8}"
EndProject
Project("{FAE04EC0-301F-11D3-BF4B-00C04F79EFBC}") = "move all positive number to the right side", "move all positive number to the right side\move all positive number to the right side.csproj", "{F37A9214-F82D-4526-B759-8EEC7C7BF167}"
EndProject
Global
	GlobalSection(SolutionConfigurationPlatforms) = preSolution
		Debug|Any CPU = Debug|Any CPU
		Release|Any CPU = Release|Any CPU
	EndGlobalSection
	GlobalSection(ProjectConfigurationPlatforms) = postSolution
		{31FAA698-8C86-4F81-9314-19F5583522B8}.Debug|Any CPU.ActiveCfg = Debug|Any CPU
		{31FAA698-8C86-4F81-9314-19F5583522B8}.Debug|Any CPU.Build.0 = Debug|Any CPU
		{31FAA698-8C86-4F81-9314-19F5583522B8}.Release|Any CPU.ActiveCfg = Release|Any CPU
		{31FAA698-8C86-4F81-9314-19F5583522B8}.Release|Any CPU.Build.0 = Release|Any CPU
		{F37A9214-F82D-4526-B759-8EEC7C7BF167}.Debug|Any CPU.ActiveCfg = Debug|Any CPU
		{F37A9214-F82D-4526-B759-8EEC7C7BF167}.Debug|Any CPU.Build.0 = Debug|Any CPU
		{F37A9214-F82D-4526-B759-8EEC7C7BF167}.Release|Any CPU.ActiveCfg = Release|Any CPU
		{F37A9214-F82D-4526-B759-8EEC7C7BF167}.Release|Any CPU.Build.0 = Release|Any CPU
	EndGlobalSection
	GlobalSection(SolutionProperties) = preSolution
		HideSolutionNode = FALSE
	EndGlobalSection
	GlobalSection(ExtensibilityGlobals) = postSolution
		SolutionGuid = {B971776D-4D86-4DC2-A12C-AD0CE7B77627}
	EndGlobalSection
EndGlobal
